// !$*UTF8*$!
{
	archiveVersion = 1;
	classes = {
	};
	objectVersion = 50;
	objects = {

/* Begin PBXBuildFile section */
		5AB7D93235E5D192AB440137 /* Pods_AvoidTests.framework in Frameworks */ = {isa = PBXBuildFile; fileRef = 67A4F5E65FF9171ACF83F23E /* Pods_AvoidTests.framework */; };
		73BE52B55CF20BA21210763F /* Pods_AvoidUITests.framework in Frameworks */ = {isa = PBXBuildFile; fileRef = C664E7A740FE9FA1E4C4D30C /* Pods_AvoidUITests.framework */; };
		A550F8217733A85086D0E2F5 /* Pods_Avoid.framework in Frameworks */ = {isa = PBXBuildFile; fileRef = 3A5304C1945983A3CAD21EF9 /* Pods_Avoid.framework */; };
		AE56909E2117593800790758 /* AppDelegate.swift in Sources */ = {isa = PBXBuildFile; fileRef = AE56909D2117593800790758 /* AppDelegate.swift */; };
		AE5690A02117593800790758 /* ViewController.swift in Sources */ = {isa = PBXBuildFile; fileRef = AE56909F2117593800790758 /* ViewController.swift */; };
		AE5690A32117593800790758 /* Main.storyboard in Resources */ = {isa = PBXBuildFile; fileRef = AE5690A12117593800790758 /* Main.storyboard */; };
		AE5690A52117593C00790758 /* Assets.xcassets in Resources */ = {isa = PBXBuildFile; fileRef = AE5690A42117593C00790758 /* Assets.xcassets */; };
		AE5690A82117593C00790758 /* LaunchScreen.storyboard in Resources */ = {isa = PBXBuildFile; fileRef = AE5690A62117593C00790758 /* LaunchScreen.storyboard */; };
		AE5690B32117593C00790758 /* AvoidTests.swift in Sources */ = {isa = PBXBuildFile; fileRef = AE5690B22117593C00790758 /* AvoidTests.swift */; };
		AE5690BE2117593D00790758 /* AvoidUITests.swift in Sources */ = {isa = PBXBuildFile; fileRef = AE5690BD2117593D00790758 /* AvoidUITests.swift */; };
		AE97C1912119F96C002C6C27 /* CloudKit.framework in Frameworks */ = {isa = PBXBuildFile; fileRef = AE97C1902119F96C002C6C27 /* CloudKit.framework */; };
		AE97C193211C6452002C6C27 /* DatabaseService.swift in Sources */ = {isa = PBXBuildFile; fileRef = AE97C192211C6452002C6C27 /* DatabaseService.swift */; };
		AE97C195211C652C002C6C27 /* FetchModel.swift in Sources */ = {isa = PBXBuildFile; fileRef = AE97C194211C652C002C6C27 /* FetchModel.swift */; };
		AE97C198211C6B15002C6C27 /* Product.swift in Sources */ = {isa = PBXBuildFile; fileRef = AE97C197211C6B15002C6C27 /* Product.swift */; };
		AE97C19A211C6B24002C6C27 /* Ingredient.swift in Sources */ = {isa = PBXBuildFile; fileRef = AE97C199211C6B24002C6C27 /* Ingredient.swift */; };
		AE97C19C211C6B31002C6C27 /* Blacklist.swift in Sources */ = {isa = PBXBuildFile; fileRef = AE97C19B211C6B31002C6C27 /* Blacklist.swift */; };
/* End PBXBuildFile section */

/* Begin PBXContainerItemProxy section */
		AE5690AF2117593C00790758 /* PBXContainerItemProxy */ = {
			isa = PBXContainerItemProxy;
			containerPortal = AE5690922117593800790758 /* Project object */;
			proxyType = 1;
			remoteGlobalIDString = AE5690992117593800790758;
			remoteInfo = Avoid;
		};
		AE5690BA2117593D00790758 /* PBXContainerItemProxy */ = {
			isa = PBXContainerItemProxy;
			containerPortal = AE5690922117593800790758 /* Project object */;
			proxyType = 1;
			remoteGlobalIDString = AE5690992117593800790758;
			remoteInfo = Avoid;
		};
/* End PBXContainerItemProxy section */

/* Begin PBXFileReference section */
		3A5304C1945983A3CAD21EF9 /* Pods_Avoid.framework */ = {isa = PBXFileReference; explicitFileType = wrapper.framework; includeInIndex = 0; path = Pods_Avoid.framework; sourceTree = BUILT_PRODUCTS_DIR; };
		4CB642039783127EF39D357B /* Pods-AvoidTests.debug.xcconfig */ = {isa = PBXFileReference; includeInIndex = 1; lastKnownFileType = text.xcconfig; name = "Pods-AvoidTests.debug.xcconfig"; path = "Pods/Target Support Files/Pods-AvoidTests/Pods-AvoidTests.debug.xcconfig"; sourceTree = "<group>"; };
		67A4F5E65FF9171ACF83F23E /* Pods_AvoidTests.framework */ = {isa = PBXFileReference; explicitFileType = wrapper.framework; includeInIndex = 0; path = Pods_AvoidTests.framework; sourceTree = BUILT_PRODUCTS_DIR; };
		8E4D3EDBDD8AE68B3A302FF4 /* Pods-AvoidUITests.debug.xcconfig */ = {isa = PBXFileReference; includeInIndex = 1; lastKnownFileType = text.xcconfig; name = "Pods-AvoidUITests.debug.xcconfig"; path = "Pods/Target Support Files/Pods-AvoidUITests/Pods-AvoidUITests.debug.xcconfig"; sourceTree = "<group>"; };
		AE56909A2117593800790758 /* Avoid.app */ = {isa = PBXFileReference; explicitFileType = wrapper.application; includeInIndex = 0; path = Avoid.app; sourceTree = BUILT_PRODUCTS_DIR; };
		AE56909D2117593800790758 /* AppDelegate.swift */ = {isa = PBXFileReference; lastKnownFileType = sourcecode.swift; path = AppDelegate.swift; sourceTree = "<group>"; };
		AE56909F2117593800790758 /* ViewController.swift */ = {isa = PBXFileReference; lastKnownFileType = sourcecode.swift; path = ViewController.swift; sourceTree = "<group>"; };
		AE5690A22117593800790758 /* Base */ = {isa = PBXFileReference; lastKnownFileType = file.storyboard; name = Base; path = Base.lproj/Main.storyboard; sourceTree = "<group>"; };
		AE5690A42117593C00790758 /* Assets.xcassets */ = {isa = PBXFileReference; lastKnownFileType = folder.assetcatalog; path = Assets.xcassets; sourceTree = "<group>"; };
		AE5690A72117593C00790758 /* Base */ = {isa = PBXFileReference; lastKnownFileType = file.storyboard; name = Base; path = Base.lproj/LaunchScreen.storyboard; sourceTree = "<group>"; };
		AE5690A92117593C00790758 /* Info.plist */ = {isa = PBXFileReference; lastKnownFileType = text.plist.xml; path = Info.plist; sourceTree = "<group>"; };
		AE5690AE2117593C00790758 /* AvoidTests.xctest */ = {isa = PBXFileReference; explicitFileType = wrapper.cfbundle; includeInIndex = 0; path = AvoidTests.xctest; sourceTree = BUILT_PRODUCTS_DIR; };
		AE5690B22117593C00790758 /* AvoidTests.swift */ = {isa = PBXFileReference; lastKnownFileType = sourcecode.swift; path = AvoidTests.swift; sourceTree = "<group>"; };
		AE5690B42117593C00790758 /* Info.plist */ = {isa = PBXFileReference; lastKnownFileType = text.plist.xml; path = Info.plist; sourceTree = "<group>"; };
		AE5690B92117593C00790758 /* AvoidUITests.xctest */ = {isa = PBXFileReference; explicitFileType = wrapper.cfbundle; includeInIndex = 0; path = AvoidUITests.xctest; sourceTree = BUILT_PRODUCTS_DIR; };
		AE5690BD2117593D00790758 /* AvoidUITests.swift */ = {isa = PBXFileReference; lastKnownFileType = sourcecode.swift; path = AvoidUITests.swift; sourceTree = "<group>"; };
		AE5690BF2117593D00790758 /* Info.plist */ = {isa = PBXFileReference; lastKnownFileType = text.plist.xml; path = Info.plist; sourceTree = "<group>"; };
		AE97C18D2119F961002C6C27 /* Avoid.entitlements */ = {isa = PBXFileReference; lastKnownFileType = text.plist.entitlements; path = Avoid.entitlements; sourceTree = "<group>"; };
		AE97C1902119F96C002C6C27 /* CloudKit.framework */ = {isa = PBXFileReference; lastKnownFileType = wrapper.framework; name = CloudKit.framework; path = System/Library/Frameworks/CloudKit.framework; sourceTree = SDKROOT; };
		AE97C192211C6452002C6C27 /* DatabaseService.swift */ = {isa = PBXFileReference; lastKnownFileType = sourcecode.swift; path = DatabaseService.swift; sourceTree = "<group>"; };
		AE97C194211C652C002C6C27 /* FetchModel.swift */ = {isa = PBXFileReference; lastKnownFileType = sourcecode.swift; path = FetchModel.swift; sourceTree = "<group>"; };
		AE97C197211C6B15002C6C27 /* Product.swift */ = {isa = PBXFileReference; lastKnownFileType = sourcecode.swift; path = Product.swift; sourceTree = "<group>"; };
		AE97C199211C6B24002C6C27 /* Ingredient.swift */ = {isa = PBXFileReference; lastKnownFileType = sourcecode.swift; path = Ingredient.swift; sourceTree = "<group>"; };
		AE97C19B211C6B31002C6C27 /* Blacklist.swift */ = {isa = PBXFileReference; lastKnownFileType = sourcecode.swift; path = Blacklist.swift; sourceTree = "<group>"; };
		B60A98F5174D9D4D64C5C582 /* Pods-Avoid.release.xcconfig */ = {isa = PBXFileReference; includeInIndex = 1; lastKnownFileType = text.xcconfig; name = "Pods-Avoid.release.xcconfig"; path = "Pods/Target Support Files/Pods-Avoid/Pods-Avoid.release.xcconfig"; sourceTree = "<group>"; };
		B81BCD576D473DAD253723F7 /* Pods-Avoid.debug.xcconfig */ = {isa = PBXFileReference; includeInIndex = 1; lastKnownFileType = text.xcconfig; name = "Pods-Avoid.debug.xcconfig"; path = "Pods/Target Support Files/Pods-Avoid/Pods-Avoid.debug.xcconfig"; sourceTree = "<group>"; };
		C664E7A740FE9FA1E4C4D30C /* Pods_AvoidUITests.framework */ = {isa = PBXFileReference; explicitFileType = wrapper.framework; includeInIndex = 0; path = Pods_AvoidUITests.framework; sourceTree = BUILT_PRODUCTS_DIR; };
		D945A0F3C3107DE30CB90AED /* Pods-AvoidUITests.release.xcconfig */ = {isa = PBXFileReference; includeInIndex = 1; lastKnownFileType = text.xcconfig; name = "Pods-AvoidUITests.release.xcconfig"; path = "Pods/Target Support Files/Pods-AvoidUITests/Pods-AvoidUITests.release.xcconfig"; sourceTree = "<group>"; };
		EF10CED52FB43816D60B9DCB /* Pods-AvoidTests.release.xcconfig */ = {isa = PBXFileReference; includeInIndex = 1; lastKnownFileType = text.xcconfig; name = "Pods-AvoidTests.release.xcconfig"; path = "Pods/Target Support Files/Pods-AvoidTests/Pods-AvoidTests.release.xcconfig"; sourceTree = "<group>"; };
/* End PBXFileReference section */

/* Begin PBXFrameworksBuildPhase section */
		AE5690972117593800790758 /* Frameworks */ = {
			isa = PBXFrameworksBuildPhase;
			buildActionMask = 2147483647;
			files = (
				A550F8217733A85086D0E2F5 /* Pods_Avoid.framework in Frameworks */,
				AE97C1912119F96C002C6C27 /* CloudKit.framework in Frameworks */,
			);
			runOnlyForDeploymentPostprocessing = 0;
		};
		AE5690AB2117593C00790758 /* Frameworks */ = {
			isa = PBXFrameworksBuildPhase;
			buildActionMask = 2147483647;
			files = (
				5AB7D93235E5D192AB440137 /* Pods_AvoidTests.framework in Frameworks */,
			);
			runOnlyForDeploymentPostprocessing = 0;
		};
		AE5690B62117593C00790758 /* Frameworks */ = {
			isa = PBXFrameworksBuildPhase;
			buildActionMask = 2147483647;
			files = (
				73BE52B55CF20BA21210763F /* Pods_AvoidUITests.framework in Frameworks */,
			);
			runOnlyForDeploymentPostprocessing = 0;
		};
/* End PBXFrameworksBuildPhase section */

/* Begin PBXGroup section */
		667EF922B9D7809DA10F633D /* Pods */ = {
			isa = PBXGroup;
			children = (
				B81BCD576D473DAD253723F7 /* Pods-Avoid.debug.xcconfig */,
				B60A98F5174D9D4D64C5C582 /* Pods-Avoid.release.xcconfig */,
				4CB642039783127EF39D357B /* Pods-AvoidTests.debug.xcconfig */,
				EF10CED52FB43816D60B9DCB /* Pods-AvoidTests.release.xcconfig */,
				8E4D3EDBDD8AE68B3A302FF4 /* Pods-AvoidUITests.debug.xcconfig */,
				D945A0F3C3107DE30CB90AED /* Pods-AvoidUITests.release.xcconfig */,
			);
			name = Pods;
			sourceTree = "<group>";
		};
		AE5690912117593800790758 = {
			isa = PBXGroup;
			children = (
				AE56909C2117593800790758 /* Avoid */,
				AE5690B12117593C00790758 /* AvoidTests */,
				AE5690BC2117593D00790758 /* AvoidUITests */,
				AE56909B2117593800790758 /* Products */,
				667EF922B9D7809DA10F633D /* Pods */,
				B8B1D6C07AC56F716D07A97A /* Frameworks */,
			);
			sourceTree = "<group>";
		};
		AE56909B2117593800790758 /* Products */ = {
			isa = PBXGroup;
			children = (
				AE56909A2117593800790758 /* Avoid.app */,
				AE5690AE2117593C00790758 /* AvoidTests.xctest */,
				AE5690B92117593C00790758 /* AvoidUITests.xctest */,
			);
			name = Products;
			sourceTree = "<group>";
		};
		AE56909C2117593800790758 /* Avoid */ = {
			isa = PBXGroup;
			children = (
				AE97C18D2119F961002C6C27 /* Avoid.entitlements */,
				AE97C196211C6A76002C6C27 /* Service */,
				AE97C19D211C6B38002C6C27 /* Model */,
				AE56909D2117593800790758 /* AppDelegate.swift */,
				AE56909F2117593800790758 /* ViewController.swift */,
				AE5690A12117593800790758 /* Main.storyboard */,
				AE5690A42117593C00790758 /* Assets.xcassets */,
				AE5690A62117593C00790758 /* LaunchScreen.storyboard */,
				AE5690A92117593C00790758 /* Info.plist */,
			);
			path = Avoid;
			sourceTree = "<group>";
		};
		AE5690B12117593C00790758 /* AvoidTests */ = {
			isa = PBXGroup;
			children = (
				AE5690B22117593C00790758 /* AvoidTests.swift */,
				AE5690B42117593C00790758 /* Info.plist */,
			);
			path = AvoidTests;
			sourceTree = "<group>";
		};
		AE5690BC2117593D00790758 /* AvoidUITests */ = {
			isa = PBXGroup;
			children = (
				AE5690BD2117593D00790758 /* AvoidUITests.swift */,
				AE5690BF2117593D00790758 /* Info.plist */,
			);
			path = AvoidUITests;
			sourceTree = "<group>";
		};
		AE97C196211C6A76002C6C27 /* Service */ = {
			isa = PBXGroup;
			children = (
				AE97C194211C652C002C6C27 /* FetchModel.swift */,
				AE97C192211C6452002C6C27 /* DatabaseService.swift */,
			);
			path = Service;
			sourceTree = "<group>";
		};
		AE97C19D211C6B38002C6C27 /* Model */ = {
			isa = PBXGroup;
			children = (
				AE97C197211C6B15002C6C27 /* Product.swift */,
				AE97C199211C6B24002C6C27 /* Ingredient.swift */,
				AE97C19B211C6B31002C6C27 /* Blacklist.swift */,
			);
			path = Model;
			sourceTree = "<group>";
		};
		B8B1D6C07AC56F716D07A97A /* Frameworks */ = {
			isa = PBXGroup;
			children = (
				AE97C1902119F96C002C6C27 /* CloudKit.framework */,
				3A5304C1945983A3CAD21EF9 /* Pods_Avoid.framework */,
				67A4F5E65FF9171ACF83F23E /* Pods_AvoidTests.framework */,
				C664E7A740FE9FA1E4C4D30C /* Pods_AvoidUITests.framework */,
			);
			name = Frameworks;
			sourceTree = "<group>";
		};
/* End PBXGroup section */

/* Begin PBXNativeTarget section */
		AE5690992117593800790758 /* Avoid */ = {
			isa = PBXNativeTarget;
			buildConfigurationList = AE5690C22117593D00790758 /* Build configuration list for PBXNativeTarget "Avoid" */;
			buildPhases = (
				86B7DC4F602711F172726BC4 /* [CP] Check Pods Manifest.lock */,
				AE5690962117593800790758 /* Sources */,
				AE5690972117593800790758 /* Frameworks */,
				AE5690982117593800790758 /* Resources */,
				AE744FAC5316D80A7DC3D1D6 /* [CP] Embed Pods Frameworks */,
				AE5690CB21175B4800790758 /* ShellScript */,
			);
			buildRules = (
			);
			dependencies = (
			);
			name = Avoid;
			productName = Avoid;
			productReference = AE56909A2117593800790758 /* Avoid.app */;
			productType = "com.apple.product-type.application";
		};
		AE5690AD2117593C00790758 /* AvoidTests */ = {
			isa = PBXNativeTarget;
			buildConfigurationList = AE5690C52117593D00790758 /* Build configuration list for PBXNativeTarget "AvoidTests" */;
			buildPhases = (
				EDAE30ED155350A8F9FBB714 /* [CP] Check Pods Manifest.lock */,
				AE5690AA2117593C00790758 /* Sources */,
				AE5690AB2117593C00790758 /* Frameworks */,
				AE5690AC2117593C00790758 /* Resources */,
			);
			buildRules = (
			);
			dependencies = (
				AE5690B02117593C00790758 /* PBXTargetDependency */,
			);
			name = AvoidTests;
			productName = AvoidTests;
			productReference = AE5690AE2117593C00790758 /* AvoidTests.xctest */;
			productType = "com.apple.product-type.bundle.unit-test";
		};
		AE5690B82117593C00790758 /* AvoidUITests */ = {
			isa = PBXNativeTarget;
			buildConfigurationList = AE5690C82117593D00790758 /* Build configuration list for PBXNativeTarget "AvoidUITests" */;
			buildPhases = (
				89815DB59E4989A3F4A25861 /* [CP] Check Pods Manifest.lock */,
				AE5690B52117593C00790758 /* Sources */,
				AE5690B62117593C00790758 /* Frameworks */,
				AE5690B72117593C00790758 /* Resources */,
			);
			buildRules = (
			);
			dependencies = (
				AE5690BB2117593D00790758 /* PBXTargetDependency */,
			);
			name = AvoidUITests;
			productName = AvoidUITests;
			productReference = AE5690B92117593C00790758 /* AvoidUITests.xctest */;
			productType = "com.apple.product-type.bundle.ui-testing";
		};
/* End PBXNativeTarget section */

/* Begin PBXProject section */
		AE5690922117593800790758 /* Project object */ = {
			isa = PBXProject;
			attributes = {
				LastSwiftUpdateCheck = 0940;
				LastUpgradeCheck = 0940;
				ORGANIZATIONNAME = "Matheus Garcia";
				TargetAttributes = {
					AE5690992117593800790758 = {
						CreatedOnToolsVersion = 9.4.1;
						SystemCapabilities = {
							com.apple.Push = {
								enabled = 1;
							};
							com.apple.iCloud = {
								enabled = 1;
							};
						};
					};
					AE5690AD2117593C00790758 = {
						CreatedOnToolsVersion = 9.4.1;
						TestTargetID = AE5690992117593800790758;
					};
					AE5690B82117593C00790758 = {
						CreatedOnToolsVersion = 9.4.1;
						TestTargetID = AE5690992117593800790758;
					};
				};
			};
			buildConfigurationList = AE5690952117593800790758 /* Build configuration list for PBXProject "Avoid" */;
			compatibilityVersion = "Xcode 9.3";
			developmentRegion = en;
			hasScannedForEncodings = 0;
			knownRegions = (
				en,
				Base,
			);
			mainGroup = AE5690912117593800790758;
			productRefGroup = AE56909B2117593800790758 /* Products */;
			projectDirPath = "";
			projectRoot = "";
			targets = (
				AE5690992117593800790758 /* Avoid */,
				AE5690AD2117593C00790758 /* AvoidTests */,
				AE5690B82117593C00790758 /* AvoidUITests */,
			);
		};
/* End PBXProject section */

/* Begin PBXResourcesBuildPhase section */
		AE5690982117593800790758 /* Resources */ = {
			isa = PBXResourcesBuildPhase;
			buildActionMask = 2147483647;
			files = (
				AE5690A82117593C00790758 /* LaunchScreen.storyboard in Resources */,
				AE5690A52117593C00790758 /* Assets.xcassets in Resources */,
				AE5690A32117593800790758 /* Main.storyboard in Resources */,
			);
			runOnlyForDeploymentPostprocessing = 0;
		};
		AE5690AC2117593C00790758 /* Resources */ = {
			isa = PBXResourcesBuildPhase;
			buildActionMask = 2147483647;
			files = (
			);
			runOnlyForDeploymentPostprocessing = 0;
		};
		AE5690B72117593C00790758 /* Resources */ = {
			isa = PBXResourcesBuildPhase;
			buildActionMask = 2147483647;
			files = (
			);
			runOnlyForDeploymentPostprocessing = 0;
		};
/* End PBXResourcesBuildPhase section */

/* Begin PBXShellScriptBuildPhase section */
		86B7DC4F602711F172726BC4 /* [CP] Check Pods Manifest.lock */ = {
			isa = PBXShellScriptBuildPhase;
			buildActionMask = 2147483647;
			files = (
			);
			inputPaths = (
				"${PODS_PODFILE_DIR_PATH}/Podfile.lock",
				"${PODS_ROOT}/Manifest.lock",
			);
			name = "[CP] Check Pods Manifest.lock";
			outputPaths = (
				"$(DERIVED_FILE_DIR)/Pods-Avoid-checkManifestLockResult.txt",
			);
			runOnlyForDeploymentPostprocessing = 0;
			shellPath = /bin/sh;
			shellScript = "diff \"${PODS_PODFILE_DIR_PATH}/Podfile.lock\" \"${PODS_ROOT}/Manifest.lock\" > /dev/null\nif [ $? != 0 ] ; then\n    # print error to STDERR\n    echo \"error: The sandbox is not in sync with the Podfile.lock. Run 'pod install' or update your CocoaPods installation.\" >&2\n    exit 1\nfi\n# This output is used by Xcode 'outputs' to avoid re-running this script phase.\necho \"SUCCESS\" > \"${SCRIPT_OUTPUT_FILE_0}\"\n";
			showEnvVarsInLog = 0;
		};
		89815DB59E4989A3F4A25861 /* [CP] Check Pods Manifest.lock */ = {
			isa = PBXShellScriptBuildPhase;
			buildActionMask = 2147483647;
			files = (
			);
			inputPaths = (
				"${PODS_PODFILE_DIR_PATH}/Podfile.lock",
				"${PODS_ROOT}/Manifest.lock",
			);
			name = "[CP] Check Pods Manifest.lock";
			outputPaths = (
				"$(DERIVED_FILE_DIR)/Pods-AvoidUITests-checkManifestLockResult.txt",
			);
			runOnlyForDeploymentPostprocessing = 0;
			shellPath = /bin/sh;
			shellScript = "diff \"${PODS_PODFILE_DIR_PATH}/Podfile.lock\" \"${PODS_ROOT}/Manifest.lock\" > /dev/null\nif [ $? != 0 ] ; then\n    # print error to STDERR\n    echo \"error: The sandbox is not in sync with the Podfile.lock. Run 'pod install' or update your CocoaPods installation.\" >&2\n    exit 1\nfi\n# This output is used by Xcode 'outputs' to avoid re-running this script phase.\necho \"SUCCESS\" > \"${SCRIPT_OUTPUT_FILE_0}\"\n";
			showEnvVarsInLog = 0;
		};
		AE5690CB21175B4800790758 /* ShellScript */ = {
			isa = PBXShellScriptBuildPhase;
			buildActionMask = 2147483647;
			files = (
			);
			inputPaths = (
			);
			outputPaths = (
			);
			runOnlyForDeploymentPostprocessing = 0;
			shellPath = /bin/sh;
			shellScript = "\"${PODS_ROOT}/SwiftLint/swiftlint\"";
		};
		AE744FAC5316D80A7DC3D1D6 /* [CP] Embed Pods Frameworks */ = {
			isa = PBXShellScriptBuildPhase;
			buildActionMask = 2147483647;
			files = (
			);
			inputPaths = (
				"${SRCROOT}/Pods/Target Support Files/Pods-Avoid/Pods-Avoid-frameworks.sh",
				"${BUILT_PRODUCTS_DIR}/BarcodeScanner/BarcodeScanner.framework",
			);
			name = "[CP] Embed Pods Frameworks";
			outputPaths = (
				"${TARGET_BUILD_DIR}/${FRAMEWORKS_FOLDER_PATH}/BarcodeScanner.framework",
			);
			runOnlyForDeploymentPostprocessing = 0;
			shellPath = /bin/sh;
			shellScript = "\"${SRCROOT}/Pods/Target Support Files/Pods-Avoid/Pods-Avoid-frameworks.sh\"\n";
			showEnvVarsInLog = 0;
		};
		EDAE30ED155350A8F9FBB714 /* [CP] Check Pods Manifest.lock */ = {
			isa = PBXShellScriptBuildPhase;
			buildActionMask = 2147483647;
			files = (
			);
			inputPaths = (
				"${PODS_PODFILE_DIR_PATH}/Podfile.lock",
				"${PODS_ROOT}/Manifest.lock",
			);
			name = "[CP] Check Pods Manifest.lock";
			outputPaths = (
				"$(DERIVED_FILE_DIR)/Pods-AvoidTests-checkManifestLockResult.txt",
			);
			runOnlyForDeploymentPostprocessing = 0;
			shellPath = /bin/sh;
			shellScript = "diff \"${PODS_PODFILE_DIR_PATH}/Podfile.lock\" \"${PODS_ROOT}/Manifest.lock\" > /dev/null\nif [ $? != 0 ] ; then\n    # print error to STDERR\n    echo \"error: The sandbox is not in sync with the Podfile.lock. Run 'pod install' or update your CocoaPods installation.\" >&2\n    exit 1\nfi\n# This output is used by Xcode 'outputs' to avoid re-running this script phase.\necho \"SUCCESS\" > \"${SCRIPT_OUTPUT_FILE_0}\"\n";
			showEnvVarsInLog = 0;
		};
/* End PBXShellScriptBuildPhase section */

/* Begin PBXSourcesBuildPhase section */
		AE5690962117593800790758 /* Sources */ = {
			isa = PBXSourcesBuildPhase;
			buildActionMask = 2147483647;
			files = (
				AE97C193211C6452002C6C27 /* DatabaseService.swift in Sources */,
				AE97C19C211C6B31002C6C27 /* Blacklist.swift in Sources */,
				AE5690A02117593800790758 /* ViewController.swift in Sources */,
				AE97C19A211C6B24002C6C27 /* Ingredient.swift in Sources */,
				AE97C198211C6B15002C6C27 /* Product.swift in Sources */,
				AE97C195211C652C002C6C27 /* FetchModel.swift in Sources */,
				AE56909E2117593800790758 /* AppDelegate.swift in Sources */,
			);
			runOnlyForDeploymentPostprocessing = 0;
		};
		AE5690AA2117593C00790758 /* Sources */ = {
			isa = PBXSourcesBuildPhase;
			buildActionMask = 2147483647;
			files = (
				AE5690B32117593C00790758 /* AvoidTests.swift in Sources */,
			);
			runOnlyForDeploymentPostprocessing = 0;
		};
		AE5690B52117593C00790758 /* Sources */ = {
			isa = PBXSourcesBuildPhase;
			buildActionMask = 2147483647;
			files = (
				AE5690BE2117593D00790758 /* AvoidUITests.swift in Sources */,
			);
			runOnlyForDeploymentPostprocessing = 0;
		};
/* End PBXSourcesBuildPhase section */

/* Begin PBXTargetDependency section */
		AE5690B02117593C00790758 /* PBXTargetDependency */ = {
			isa = PBXTargetDependency;
			target = AE5690992117593800790758 /* Avoid */;
			targetProxy = AE5690AF2117593C00790758 /* PBXContainerItemProxy */;
		};
		AE5690BB2117593D00790758 /* PBXTargetDependency */ = {
			isa = PBXTargetDependency;
			target = AE5690992117593800790758 /* Avoid */;
			targetProxy = AE5690BA2117593D00790758 /* PBXContainerItemProxy */;
		};
/* End PBXTargetDependency section */

/* Begin PBXVariantGroup section */
		AE5690A12117593800790758 /* Main.storyboard */ = {
			isa = PBXVariantGroup;
			children = (
				AE5690A22117593800790758 /* Base */,
			);
			name = Main.storyboard;
			sourceTree = "<group>";
		};
		AE5690A62117593C00790758 /* LaunchScreen.storyboard */ = {
			isa = PBXVariantGroup;
			children = (
				AE5690A72117593C00790758 /* Base */,
			);
			name = LaunchScreen.storyboard;
			sourceTree = "<group>";
		};
/* End PBXVariantGroup section */

/* Begin XCBuildConfiguration section */
		AE5690C02117593D00790758 /* Debug */ = {
			isa = XCBuildConfiguration;
			buildSettings = {
				ALWAYS_SEARCH_USER_PATHS = NO;
				CLANG_ANALYZER_NONNULL = YES;
				CLANG_ANALYZER_NUMBER_OBJECT_CONVERSION = YES_AGGRESSIVE;
				CLANG_CXX_LANGUAGE_STANDARD = "gnu++14";
				CLANG_CXX_LIBRARY = "libc++";
				CLANG_ENABLE_MODULES = YES;
				CLANG_ENABLE_OBJC_ARC = YES;
				CLANG_ENABLE_OBJC_WEAK = YES;
				CLANG_WARN_BLOCK_CAPTURE_AUTORELEASING = YES;
				CLANG_WARN_BOOL_CONVERSION = YES;
				CLANG_WARN_COMMA = YES;
				CLANG_WARN_CONSTANT_CONVERSION = YES;
				CLANG_WARN_DEPRECATED_OBJC_IMPLEMENTATIONS = YES;
				CLANG_WARN_DIRECT_OBJC_ISA_USAGE = YES_ERROR;
				CLANG_WARN_DOCUMENTATION_COMMENTS = YES;
				CLANG_WARN_EMPTY_BODY = YES;
				CLANG_WARN_ENUM_CONVERSION = YES;
				CLANG_WARN_INFINITE_RECURSION = YES;
				CLANG_WARN_INT_CONVERSION = YES;
				CLANG_WARN_NON_LITERAL_NULL_CONVERSION = YES;
				CLANG_WARN_OBJC_IMPLICIT_RETAIN_SELF = YES;
				CLANG_WARN_OBJC_LITERAL_CONVERSION = YES;
				CLANG_WARN_OBJC_ROOT_CLASS = YES_ERROR;
				CLANG_WARN_RANGE_LOOP_ANALYSIS = YES;
				CLANG_WARN_STRICT_PROTOTYPES = YES;
				CLANG_WARN_SUSPICIOUS_MOVE = YES;
				CLANG_WARN_UNGUARDED_AVAILABILITY = YES_AGGRESSIVE;
				CLANG_WARN_UNREACHABLE_CODE = YES;
				CLANG_WARN__DUPLICATE_METHOD_MATCH = YES;
				CODE_SIGN_IDENTITY = "iPhone Developer";
				COPY_PHASE_STRIP = NO;
				DEBUG_INFORMATION_FORMAT = dwarf;
				ENABLE_STRICT_OBJC_MSGSEND = YES;
				ENABLE_TESTABILITY = YES;
				GCC_C_LANGUAGE_STANDARD = gnu11;
				GCC_DYNAMIC_NO_PIC = NO;
				GCC_NO_COMMON_BLOCKS = YES;
				GCC_OPTIMIZATION_LEVEL = 0;
				GCC_PREPROCESSOR_DEFINITIONS = (
					"DEBUG=1",
					"$(inherited)",
				);
				GCC_WARN_64_TO_32_BIT_CONVERSION = YES;
				GCC_WARN_ABOUT_RETURN_TYPE = YES_ERROR;
				GCC_WARN_UNDECLARED_SELECTOR = YES;
				GCC_WARN_UNINITIALIZED_AUTOS = YES_AGGRESSIVE;
				GCC_WARN_UNUSED_FUNCTION = YES;
				GCC_WARN_UNUSED_VARIABLE = YES;
				IPHONEOS_DEPLOYMENT_TARGET = 11.4;
				MTL_ENABLE_DEBUG_INFO = YES;
				ONLY_ACTIVE_ARCH = YES;
				SDKROOT = iphoneos;
				SWIFT_ACTIVE_COMPILATION_CONDITIONS = DEBUG;
				SWIFT_OPTIMIZATION_LEVEL = "-Onone";
			};
			name = Debug;
		};
		AE5690C12117593D00790758 /* Release */ = {
			isa = XCBuildConfiguration;
			buildSettings = {
				ALWAYS_SEARCH_USER_PATHS = NO;
				CLANG_ANALYZER_NONNULL = YES;
				CLANG_ANALYZER_NUMBER_OBJECT_CONVERSION = YES_AGGRESSIVE;
				CLANG_CXX_LANGUAGE_STANDARD = "gnu++14";
				CLANG_CXX_LIBRARY = "libc++";
				CLANG_ENABLE_MODULES = YES;
				CLANG_ENABLE_OBJC_ARC = YES;
				CLANG_ENABLE_OBJC_WEAK = YES;
				CLANG_WARN_BLOCK_CAPTURE_AUTORELEASING = YES;
				CLANG_WARN_BOOL_CONVERSION = YES;
				CLANG_WARN_COMMA = YES;
				CLANG_WARN_CONSTANT_CONVERSION = YES;
				CLANG_WARN_DEPRECATED_OBJC_IMPLEMENTATIONS = YES;
				CLANG_WARN_DIRECT_OBJC_ISA_USAGE = YES_ERROR;
				CLANG_WARN_DOCUMENTATION_COMMENTS = YES;
				CLANG_WARN_EMPTY_BODY = YES;
				CLANG_WARN_ENUM_CONVERSION = YES;
				CLANG_WARN_INFINITE_RECURSION = YES;
				CLANG_WARN_INT_CONVERSION = YES;
				CLANG_WARN_NON_LITERAL_NULL_CONVERSION = YES;
				CLANG_WARN_OBJC_IMPLICIT_RETAIN_SELF = YES;
				CLANG_WARN_OBJC_LITERAL_CONVERSION = YES;
				CLANG_WARN_OBJC_ROOT_CLASS = YES_ERROR;
				CLANG_WARN_RANGE_LOOP_ANALYSIS = YES;
				CLANG_WARN_STRICT_PROTOTYPES = YES;
				CLANG_WARN_SUSPICIOUS_MOVE = YES;
				CLANG_WARN_UNGUARDED_AVAILABILITY = YES_AGGRESSIVE;
				CLANG_WARN_UNREACHABLE_CODE = YES;
				CLANG_WARN__DUPLICATE_METHOD_MATCH = YES;
				CODE_SIGN_IDENTITY = "iPhone Developer";
				COPY_PHASE_STRIP = NO;
				DEBUG_INFORMATION_FORMAT = "dwarf-with-dsym";
				ENABLE_NS_ASSERTIONS = NO;
				ENABLE_STRICT_OBJC_MSGSEND = YES;
				GCC_C_LANGUAGE_STANDARD = gnu11;
				GCC_NO_COMMON_BLOCKS = YES;
				GCC_WARN_64_TO_32_BIT_CONVERSION = YES;
				GCC_WARN_ABOUT_RETURN_TYPE = YES_ERROR;
				GCC_WARN_UNDECLARED_SELECTOR = YES;
				GCC_WARN_UNINITIALIZED_AUTOS = YES_AGGRESSIVE;
				GCC_WARN_UNUSED_FUNCTION = YES;
				GCC_WARN_UNUSED_VARIABLE = YES;
				IPHONEOS_DEPLOYMENT_TARGET = 11.4;
				MTL_ENABLE_DEBUG_INFO = NO;
				SDKROOT = iphoneos;
				SWIFT_COMPILATION_MODE = wholemodule;
				SWIFT_OPTIMIZATION_LEVEL = "-O";
				VALIDATE_PRODUCT = YES;
			};
			name = Release;
		};
		AE5690C32117593D00790758 /* Debug */ = {
			isa = XCBuildConfiguration;
			baseConfigurationReference = B81BCD576D473DAD253723F7 /* Pods-Avoid.debug.xcconfig */;
			buildSettings = {
				ASSETCATALOG_COMPILER_APPICON_NAME = AppIcon;
				CODE_SIGN_ENTITLEMENTS = Avoid/Avoid.entitlements;
				CODE_SIGN_STYLE = Automatic;
				DEVELOPMENT_TEAM = 3W69VTQXGX;
				INFOPLIST_FILE = Avoid/Info.plist;
				LD_RUNPATH_SEARCH_PATHS = (
					"$(inherited)",
					"@executable_path/Frameworks",
				);
				PRODUCT_BUNDLE_IDENTIFIER = com.MatheusPGarcia.Avoid;
				PRODUCT_NAME = "$(TARGET_NAME)";
				SWIFT_VERSION = 4.0;
				TARGETED_DEVICE_FAMILY = "1,2";
			};
			name = Debug;
		};
		AE5690C42117593D00790758 /* Release */ = {
			isa = XCBuildConfiguration;
			baseConfigurationReference = B60A98F5174D9D4D64C5C582 /* Pods-Avoid.release.xcconfig */;
			buildSettings = {
				ASSETCATALOG_COMPILER_APPICON_NAME = AppIcon;
				CODE_SIGN_ENTITLEMENTS = Avoid/Avoid.entitlements;
				CODE_SIGN_STYLE = Automatic;
				DEVELOPMENT_TEAM = 3W69VTQXGX;
				INFOPLIST_FILE = Avoid/Info.plist;
				LD_RUNPATH_SEARCH_PATHS = (
					"$(inherited)",
					"@executable_path/Frameworks",
				);
				PRODUCT_BUNDLE_IDENTIFIER = com.MatheusPGarcia.Avoid;
				PRODUCT_NAME = "$(TARGET_NAME)";
				SWIFT_VERSION = 4.0;
				TARGETED_DEVICE_FAMILY = "1,2";
			};
			name = Release;
		};
		AE5690C62117593D00790758 /* Debug */ = {
			isa = XCBuildConfiguration;
			baseConfigurationReference = 4CB642039783127EF39D357B /* Pods-AvoidTests.debug.xcconfig */;
			buildSettings = {
				ALWAYS_EMBED_SWIFT_STANDARD_LIBRARIES = YES;
				BUNDLE_LOADER = "$(TEST_HOST)";
				CODE_SIGN_STYLE = Automatic;
				DEVELOPMENT_TEAM = 3W69VTQXGX;
				INFOPLIST_FILE = AvoidTests/Info.plist;
				LD_RUNPATH_SEARCH_PATHS = (
					"$(inherited)",
					"@executable_path/Frameworks",
					"@loader_path/Frameworks",
				);
				PRODUCT_BUNDLE_IDENTIFIER = com.MatheusPGarcia.AvoidTests;
				PRODUCT_NAME = "$(TARGET_NAME)";
				SWIFT_VERSION = 4.0;
				TARGETED_DEVICE_FAMILY = "1,2";
				TEST_HOST = "$(BUILT_PRODUCTS_DIR)/Avoid.app/Avoid";
			};
			name = Debug;
		};
		AE5690C72117593D00790758 /* Release */ = {
			isa = XCBuildConfiguration;
			baseConfigurationReference = EF10CED52FB43816D60B9DCB /* Pods-AvoidTests.release.xcconfig */;
			buildSettings = {
				ALWAYS_EMBED_SWIFT_STANDARD_LIBRARIES = YES;
				BUNDLE_LOADER = "$(TEST_HOST)";
				CODE_SIGN_STYLE = Automatic;
				DEVELOPMENT_TEAM = 3W69VTQXGX;
				INFOPLIST_FILE = AvoidTests/Info.plist;
				LD_RUNPATH_SEARCH_PATHS = (
					"$(inherited)",
					"@executable_path/Frameworks",
					"@loader_path/Frameworks",
				);
				PRODUCT_BUNDLE_IDENTIFIER = com.MatheusPGarcia.AvoidTests;
				PRODUCT_NAME = "$(TARGET_NAME)";
				SWIFT_VERSION = 4.0;
				TARGETED_DEVICE_FAMILY = "1,2";
				TEST_HOST = "$(BUILT_PRODUCTS_DIR)/Avoid.app/Avoid";
			};
			name = Release;
		};
		AE5690C92117593D00790758 /* Debug */ = {
			isa = XCBuildConfiguration;
			baseConfigurationReference = 8E4D3EDBDD8AE68B3A302FF4 /* Pods-AvoidUITests.debug.xcconfig */;
			buildSettings = {
				ALWAYS_EMBED_SWIFT_STANDARD_LIBRARIES = YES;
				CODE_SIGN_STYLE = Automatic;
				DEVELOPMENT_TEAM = 3W69VTQXGX;
				INFOPLIST_FILE = AvoidUITests/Info.plist;
				LD_RUNPATH_SEARCH_PATHS = (
					"$(inherited)",
					"@executable_path/Frameworks",
					"@loader_path/Frameworks",
				);
				PRODUCT_BUNDLE_IDENTIFIER = com.MatheusPGarcia.AvoidUITests;
				PRODUCT_NAME = "$(TARGET_NAME)";
				SWIFT_VERSION = 4.0;
				TARGETED_DEVICE_FAMILY = "1,2";
				TEST_TARGET_NAME = Avoid;
			};
			name = Debug;
		};
		AE5690CA2117593D00790758 /* Release */ = {
			isa = XCBuildConfiguration;
			baseConfigurationReference = D945A0F3C3107DE30CB90AED /* Pods-AvoidUITests.release.xcconfig */;
			buildSettings = {
				ALWAYS_EMBED_SWIFT_STANDARD_LIBRARIES = YES;
				CODE_SIGN_STYLE = Automatic;
				DEVELOPMENT_TEAM = 3W69VTQXGX;
				INFOPLIST_FILE = AvoidUITests/Info.plist;
				LD_RUNPATH_SEARCH_PATHS = (
					"$(inherited)",
					"@executable_path/Frameworks",
					"@loader_path/Frameworks",
				);
				PRODUCT_BUNDLE_IDENTIFIER = com.MatheusPGarcia.AvoidUITests;
				PRODUCT_NAME = "$(TARGET_NAME)";
				SWIFT_VERSION = 4.0;
				TARGETED_DEVICE_FAMILY = "1,2";
				TEST_TARGET_NAME = Avoid;
			};
			name = Release;
		};
/* End XCBuildConfiguration section */

/* Begin XCConfigurationList section */
		AE5690952117593800790758 /* Build configuration list for PBXProject "Avoid" */ = {
			isa = XCConfigurationList;
			buildConfigurations = (
				AE5690C02117593D00790758 /* Debug */,
				AE5690C12117593D00790758 /* Release */,
			);
			defaultConfigurationIsVisible = 0;
			defaultConfigurationName = Release;
		};
		AE5690C22117593D00790758 /* Build configuration list for PBXNativeTarget "Avoid" */ = {
			isa = XCConfigurationList;
			buildConfigurations = (
				AE5690C32117593D00790758 /* Debug */,
				AE5690C42117593D00790758 /* Release */,
			);
			defaultConfigurationIsVisible = 0;
			defaultConfigurationName = Release;
		};
		AE5690C52117593D00790758 /* Build configuration list for PBXNativeTarget "AvoidTests" */ = {
			isa = XCConfigurationList;
			buildConfigurations = (
				AE5690C62117593D00790758 /* Debug */,
				AE5690C72117593D00790758 /* Release */,
			);
			defaultConfigurationIsVisible = 0;
			defaultConfigurationName = Release;
		};
		AE5690C82117593D00790758 /* Build configuration list for PBXNativeTarget "AvoidUITests" */ = {
			isa = XCConfigurationList;
			buildConfigurations = (
				AE5690C92117593D00790758 /* Debug */,
				AE5690CA2117593D00790758 /* Release */,
			);
			defaultConfigurationIsVisible = 0;
			defaultConfigurationName = Release;
		};
/* End XCConfigurationList section */
	};
	rootObject = AE5690922117593800790758 /* Project object */;
}
